
Microsoft Visual Studio Solution File, Format Version 12.00
# Visual Studio Version 17
VisualStudioVersion = 17.4.33213.308
MinimumVisualStudioVersion = 10.0.40219.1
Project("{FAE04EC0-301F-11D3-BF4B-00C04F79EFBC}") = "ProyectoAlrod", "ProyectoAlrod\ProyectoAlrod.csproj", "{BA216594-3C31-4743-ADF2-BBA50538E0E3}"
EndProject
Global
	GlobalSection(SolutionConfigurationPlatforms) = preSolution
		Debug|Any CPU = Debug|Any CPU
		Release|Any CPU = Release|Any CPU
	EndGlobalSection
	GlobalSection(ProjectConfigurationPlatforms) = postSolution
		{BA216594-3C31-4743-ADF2-BBA50538E0E3}.Debug|Any CPU.ActiveCfg = Debug|Any CPU
		{BA216594-3C31-4743-ADF2-BBA50538E0E3}.Debug|Any CPU.Build.0 = Debug|Any CPU
		{BA216594-3C31-4743-ADF2-BBA50538E0E3}.Release|Any CPU.ActiveCfg = Release|Any CPU
		{BA216594-3C31-4743-ADF2-BBA50538E0E3}.Release|Any CPU.Build.0 = Release|Any CPU
	EndGlobalSection
	GlobalSection(SolutionProperties) = preSolution
		HideSolutionNode = FALSE
	EndGlobalSection
	GlobalSection(ExtensibilityGlobals) = postSolution
		SolutionGuid = {A05D0217-D8E4-42ED-9975-39F3BB206AD9}
	EndGlobalSection
EndGlobal
